// !$*UTF8*$!
{
	archiveVersion = 1;
	classes = {
	};
	objectVersion = 56;
	objects = {

/* Begin PBXBuildFile section */
		/* App */
		B1A00001 /* DailyOKApp.swift in Sources */ = {isa = PBXBuildFile; fileRef = F1A00001; };
		B1A00002 /* AppDelegate.swift in Sources */ = {isa = PBXBuildFile; fileRef = F1A00002; };
		B1A00003 /* AppState.swift in Sources */ = {isa = PBXBuildFile; fileRef = F1A00003; };
		B1A00004 /* ContentView.swift in Sources */ = {isa = PBXBuildFile; fileRef = F1A00004; };
		/* Models */
		B1B00001 /* CheckIn.swift in Sources */ = {isa = PBXBuildFile; fileRef = F1B00001; };
		B1B00002 /* Family.swift in Sources */ = {isa = PBXBuildFile; fileRef = F1B00002; };
		B1B00003 /* OfflineCheckIn.swift in Sources */ = {isa = PBXBuildFile; fileRef = F1B00003; };
		B1B00004 /* ReceiverSettings.swift in Sources */ = {isa = PBXBuildFile; fileRef = F1B00004; };
		B1B00005 /* User.swift in Sources */ = {isa = PBXBuildFile; fileRef = F1B00005; };
		B1B00006 /* DailyOKAlert.swift in Sources */ = {isa = PBXBuildFile; fileRef = F1B00006; };
		B1B00200 /* CareNote.swift in Sources */ = {isa = PBXBuildFile; fileRef = F1B00200; };
		B1B00007 /* DailyOKError.swift in Sources */ = {isa = PBXBuildFile; fileRef = F1B00007; };
		/* Services */
		B1C00001 /* AnalyticsService.swift in Sources */ = {isa = PBXBuildFile; fileRef = F1C00001; };
		B1C00002 /* AuthService.swift in Sources */ = {isa = PBXBuildFile; fileRef = F1C00002; };
		B1C00003 /* CheckInService.swift in Sources */ = {isa = PBXBuildFile; fileRef = F1C00003; };
		B1C00200 /* HealthService.swift in Sources */ = {isa = PBXBuildFile; fileRef = F1C00200; };
		B1C00004 /* FamilyService.swift in Sources */ = {isa = PBXBuildFile; fileRef = F1C00004; };
		B1C00005 /* OfflineCheckInService.swift in Sources */ = {isa = PBXBuildFile; fileRef = F1C00005; };
		B1C00006 /* PushNotificationService.swift in Sources */ = {isa = PBXBuildFile; fileRef = F1C00006; };
		B1C00007 /* SubscriptionService.swift in Sources */ = {isa = PBXBuildFile; fileRef = F1C00007; };
		B1C00008 /* SupabaseService.swift in Sources */ = {isa = PBXBuildFile; fileRef = F1C00008; };
		/* Utilities */
		B1D00001 /* Configuration.swift in Sources */ = {isa = PBXBuildFile; fileRef = F1D00001; };
		B1D00002 /* KeychainService.swift in Sources */ = {isa = PBXBuildFile; fileRef = F1D00002; };
		B1D00003 /* NetworkRetry.swift in Sources */ = {isa = PBXBuildFile; fileRef = F1D00003; };
		/* ViewModels */
		B1E00001 /* AuthViewModel.swift in Sources */ = {isa = PBXBuildFile; fileRef = F1E00001; };
		B1E00002 /* DashboardViewModel.swift in Sources */ = {isa = PBXBuildFile; fileRef = F1E00002; };
		B1E00003 /* OnboardingViewModel.swift in Sources */ = {isa = PBXBuildFile; fileRef = F1E00003; };
		B1E00004 /* ReceiverViewModel.swift in Sources */ = {isa = PBXBuildFile; fileRef = F1E00004; };
		/* Views/Auth */
		B1F00001 /* AuthView.swift in Sources */ = {isa = PBXBuildFile; fileRef = F1F00001; };
		/* Views/Onboarding */
		B1F00002 /* OnboardingView.swift in Sources */ = {isa = PBXBuildFile; fileRef = F1F00002; };
		B1F00003 /* ReceiverOnboardingView.swift in Sources */ = {isa = PBXBuildFile; fileRef = F1F00003; };
		B1F00011 /* PairingCodeEntryView.swift in Sources */ = {isa = PBXBuildFile; fileRef = F1F00011; };
		B1F00099 /* FirstReceiverWalkthroughView.swift in Sources */ = {isa = PBXBuildFile; fileRef = F1F00099; };
		B1F00100 /* WatchSetupGuideView.swift in Sources */ = {isa = PBXBuildFile; fileRef = F1F00100; };
		/* Views/Owner */
		B1F00004 /* CalendarHeatmapView.swift in Sources */ = {isa = PBXBuildFile; fileRef = F1F00004; };
		B1F00005 /* CheckInReportGenerator.swift in Sources */ = {isa = PBXBuildFile; fileRef = F1F00005; };
		B1F00006 /* CheckInTrendChartView.swift in Sources */ = {isa = PBXBuildFile; fileRef = F1F00006; };
		B1F00007 /* DashboardView.swift in Sources */ = {isa = PBXBuildFile; fileRef = F1F00007; };
		B1F00202 /* CareNotesView.swift in Sources */ = {isa = PBXBuildFile; fileRef = F1F00202; };
		B1F00008 /* FamilyView.swift in Sources */ = {isa = PBXBuildFile; fileRef = F1F00008; };
		B1F00009 /* HistoryView.swift in Sources */ = {isa = PBXBuildFile; fileRef = F1F00009; };
		B1F0000A /* OwnerTabView.swift in Sources */ = {isa = PBXBuildFile; fileRef = F1F0000A; };
		B1F00010 /* ReceiverSetupGuideView.swift in Sources */ = {isa = PBXBuildFile; fileRef = F1F00010; };
		/* Views/Receiver */
		B1F0000B /* ReceiverHomeView.swift in Sources */ = {isa = PBXBuildFile; fileRef = F1F0000B; };
		B1F00203 /* HealthSharingView.swift in Sources */ = {isa = PBXBuildFile; fileRef = F1F00203; };
		/* Views/Settings */
		B1F0000C /* NotificationPermissionBanner.swift in Sources */ = {isa = PBXBuildFile; fileRef = F1F0000C; };
		B1F0000D /* ReceiverSettingsView.swift in Sources */ = {isa = PBXBuildFile; fileRef = F1F0000D; };
		B1F0000E /* SettingsView.swift in Sources */ = {isa = PBXBuildFile; fileRef = F1F0000E; };
		B1F00200 /* CaregiverDigestView.swift in Sources */ = {isa = PBXBuildFile; fileRef = F1F00200; };
		/* Views/Viewer */
		B1F0000F /* ViewerTabView.swift in Sources */ = {isa = PBXBuildFile; fileRef = F1F0000F; };
		/* Resources */
		B1G00001 /* Assets.xcassets in Resources */ = {isa = PBXBuildFile; fileRef = F1G00001; };
		/* SPM Products */
		B1H00001 /* Supabase in Frameworks */ = {isa = PBXBuildFile; productRef = P1H00001; };
		B1H00003 /* TelemetryDeck in Frameworks */ = {isa = PBXBuildFile; productRef = P1H00003; };
		/* New Services */
		B1C00009 /* LocationService.swift in Sources */ = {isa = PBXBuildFile; fileRef = F1C00009; };
		B1C0000A /* HeartbeatService.swift in Sources */ = {isa = PBXBuildFile; fileRef = F1C0000A; };
		B1C00020 /* EdgeFunctionsClient.swift in Sources */ = {isa = PBXBuildFile; fileRef = F1C00020; };
		B1C0000B /* BiometricService.swift in Sources */ = {isa = PBXBuildFile; fileRef = F1C0000B; };
		B1C0000C /* CertificatePinningService.swift in Sources */ = {isa = PBXBuildFile; fileRef = F1C0000C; };
		B1C00021 /* ReviewPromptService.swift in Sources */ = {isa = PBXBuildFile; fileRef = F1C00021; };
		/* Utilities */
		B1D00004 /* Colors.swift in Sources */ = {isa = PBXBuildFile; fileRef = F1D00004; };
		/* Views/Components */
		B1F00012 /* SkeletonView.swift in Sources */ = {isa = PBXBuildFile; fileRef = F1F00012; };
		/* Views/Auth */
		B1F00013 /* PasswordStrength.swift in Sources */ = {isa = PBXBuildFile; fileRef = F1F00013; };
		/* Utilities (added) */
		B1D00005 /* Theme.swift in Sources */ = {isa = PBXBuildFile; fileRef = F1D00005; };
		B1D00006 /* AccessibilityHelpers.swift in Sources */ = {isa = PBXBuildFile; fileRef = F1D00006; };
		B1D00007 /* Streaks.swift in Sources */ = {isa = PBXBuildFile; fileRef = F1D00007; };
		B1D00008 /* Haptics.swift in Sources */ = {isa = PBXBuildFile; fileRef = F1D00008; };
		B1D00009 /* CheckInAudio.swift in Sources */ = {isa = PBXBuildFile; fileRef = F1D00009; };
		B1D0000A /* Log.swift in Sources */ = {isa = PBXBuildFile; fileRef = F1D0000A; };
		/* Views/Components (added) */
		B1F00014 /* BrandedProgressView.swift in Sources */ = {isa = PBXBuildFile; fileRef = F1F00014; };
		B1F00015 /* CelebrationOverlay.swift in Sources */ = {isa = PBXBuildFile; fileRef = F1F00015; };
		B1F00016 /* EmptyStateView.swift in Sources */ = {isa = PBXBuildFile; fileRef = F1F00016; };
		B1F00017 /* FloatingBottomNav.swift in Sources */ = {isa = PBXBuildFile; fileRef = F1F00017; };
		B1F00018 /* OnboardingCarousel.swift in Sources */ = {isa = PBXBuildFile; fileRef = F1F00018; };
		B1F00019 /* PaywallFeatureCarousel.swift in Sources */ = {isa = PBXBuildFile; fileRef = F1F00019; };
		B1F0001A /* PremiumCards.swift in Sources */ = {isa = PBXBuildFile; fileRef = F1F0001A; };
		B1F0001B /* StreakBadge.swift in Sources */ = {isa = PBXBuildFile; fileRef = F1F0001B; };
		B1F0001C /* ContactQuickActions.swift in Sources */ = {isa = PBXBuildFile; fileRef = F1F0001C; };
		B1F0001D /* SegmentedCodeField.swift in Sources */ = {isa = PBXBuildFile; fileRef = F1F0001D; };
		/* Shared (App Intents / widget / watch hand-off) */
		B1S00001 /* SharedAppGroup.swift in Sources */ = {isa = PBXBuildFile; fileRef = F1S00001; };
		B1S00002 /* SharedCheckInState.swift in Sources */ = {isa = PBXBuildFile; fileRef = F1S00002; };
		B1S00003 /* SharedCheckInClient.swift in Sources */ = {isa = PBXBuildFile; fileRef = F1S00003; };
		B1S00004 /* CheckInIntent.swift in Sources */ = {isa = PBXBuildFile; fileRef = F1S00004; };
		B1S00005 /* DailyOKAppShortcuts.swift in Sources */ = {isa = PBXBuildFile; fileRef = F1S00005; };
		B1S00006 /* SharedOwnerState.swift in Sources */ = {isa = PBXBuildFile; fileRef = F1S00006; };
		B1S00007 /* EscalationActivityAttributes.swift in Sources */ = {isa = PBXBuildFile; fileRef = F1S00007; };
		B1C00022 /* SharedCheckInPublisher.swift in Sources */ = {isa = PBXBuildFile; fileRef = F1C00022; };
		B1C00023 /* PhoneWatchSync.swift in Sources */ = {isa = PBXBuildFile; fileRef = F1C00023; };
		B1C00024 /* SharedOwnerPublisher.swift in Sources */ = {isa = PBXBuildFile; fileRef = F1C00024; };
		B1C00025 /* EscalationActivityManager.swift in Sources */ = {isa = PBXBuildFile; fileRef = F1C00025; };
		/* UI Tests */
		B2U00001 /* DailyOKUITests.swift in Sources */ = {isa = PBXBuildFile; fileRef = F2U00001; };
		B2U00002 /* OwnerFlowTests.swift in Sources */ = {isa = PBXBuildFile; fileRef = F2U00002; };
		B2U00003 /* ReceiverFlowTests.swift in Sources */ = {isa = PBXBuildFile; fileRef = F2U00003; };
		/* Unit Tests */
		B3U00001 /* DashboardViewModelTests.swift in Sources */ = {isa = PBXBuildFile; fileRef = F3U00001; };
		B3U00002 /* ErrorHandlingTests.swift in Sources */ = {isa = PBXBuildFile; fileRef = F3U00002; };
		B3U00003 /* ModelTests.swift in Sources */ = {isa = PBXBuildFile; fileRef = F3U00003; };
		B3U00004 /* SubscriptionServiceTests.swift in Sources */ = {isa = PBXBuildFile; fileRef = F3U00004; };
		B3U00005 /* ReviewPromptServiceTests.swift in Sources */ = {isa = PBXBuildFile; fileRef = F3U00005; };
		B3U00006 /* OfflineCheckInServiceTests.swift in Sources */ = {isa = PBXBuildFile; fileRef = F3U00006; };
		B3U00007 /* StreaksTimezoneTests.swift in Sources */ = {isa = PBXBuildFile; fileRef = F3U00007; };
		B3U00008 /* ScheduleResolverTests.swift in Sources */ = {isa = PBXBuildFile; fileRef = F3U00008; };
		/* Widget extension sources */
		B5F00001 /* DailyOKWidgetBundle.swift in Sources */ = {isa = PBXBuildFile; fileRef = F5F00001; };
		B5F00002 /* CheckInWidget.swift in Sources */ = {isa = PBXBuildFile; fileRef = F5F00002; };
		B5F00003 /* CheckInProvider.swift in Sources */ = {isa = PBXBuildFile; fileRef = F5F00003; };
		B5F00004 /* CheckInControl.swift in Sources */ = {isa = PBXBuildFile; fileRef = F5F00004; };
		/* Shared files compiled into the widget extension */
		B5S00001 /* SharedAppGroup.swift in Sources */ = {isa = PBXBuildFile; fileRef = F1S00001; };
		B5S00002 /* SharedCheckInState.swift in Sources */ = {isa = PBXBuildFile; fileRef = F1S00002; };
		B5S00003 /* SharedCheckInClient.swift in Sources */ = {isa = PBXBuildFile; fileRef = F1S00003; };
		B5S00004 /* CheckInIntent.swift in Sources */ = {isa = PBXBuildFile; fileRef = F1S00004; };
		B5S00005 /* DailyOKAppShortcuts.swift in Sources */ = {isa = PBXBuildFile; fileRef = F1S00005; };
		B5S00006 /* SharedOwnerState.swift in Sources */ = {isa = PBXBuildFile; fileRef = F1S00006; };
		B5S00007 /* EscalationActivityAttributes.swift in Sources */ = {isa = PBXBuildFile; fileRef = F1S00007; };
		B5F00005 /* OwnerStatusWidget.swift in Sources */ = {isa = PBXBuildFile; fileRef = F5F00007; };
		B5F00006 /* OwnerStatusProvider.swift in Sources */ = {isa = PBXBuildFile; fileRef = F5F00008; };
		B5F00007 /* EscalationLiveActivity.swift in Sources */ = {isa = PBXBuildFile; fileRef = F5F00009; };
		/* Embed widget extension into the app */
		BEMB0001 /* DailyOKWidgetsExtension.appex in Embed Foundation Extensions */ = {isa = PBXBuildFile; fileRef = F5P00001; settings = {ATTRIBUTES = (RemoveHeadersOnCopy, ); }; };
		/* Watch app sources */
		B4F00001 /* DailyOKWatchApp.swift in Sources */ = {isa = PBXBuildFile; fileRef = F4F00001; };
		B4F00002 /* WatchCheckInView.swift in Sources */ = {isa = PBXBuildFile; fileRef = F4F00002; };
		B4F00003 /* WatchCheckInModel.swift in Sources */ = {isa = PBXBuildFile; fileRef = F4F00003; };
		B4F00004 /* WatchConnectivityProvider.swift in Sources */ = {isa = PBXBuildFile; fileRef = F4F00004; };
		B4F00005 /* WatchOfflineQueue.swift in Sources */ = {isa = PBXBuildFile; fileRef = F4F00007; };
		B4F00006 /* WatchNotificationController.swift in Sources */ = {isa = PBXBuildFile; fileRef = F4F00008; };
		B4F00007 /* CheckInNotificationView.swift in Sources */ = {isa = PBXBuildFile; fileRef = F4F00009; };
		/* Shared files compiled into the watch app */
		B4S00001 /* SharedAppGroup.swift in Sources */ = {isa = PBXBuildFile; fileRef = F1S00001; };
		B4S00002 /* SharedCheckInState.swift in Sources */ = {isa = PBXBuildFile; fileRef = F1S00002; };
		B4S00003 /* SharedCheckInClient.swift in Sources */ = {isa = PBXBuildFile; fileRef = F1S00003; };
		/* Embed watch app into the iOS app */
		BEMB0002 /* DailyOKWatch.app in Embed Watch Content */ = {isa = PBXBuildFile; fileRef = F4P00001; settings = {ATTRIBUTES = (RemoveHeadersOnCopy, ); }; };
		/* Watch complication (widget extension) sources */
		B6F00001 /* DailyOKWatchWidgetBundle.swift in Sources */ = {isa = PBXBuildFile; fileRef = F6F00001; };
		B6F00002 /* CheckInComplication.swift in Sources */ = {isa = PBXBuildFile; fileRef = F6F00002; };
		B6F00003 /* ComplicationProvider.swift in Sources */ = {isa = PBXBuildFile; fileRef = F6F00003; };
		/* Shared files compiled into the watch complication */
		B6S00001 /* SharedAppGroup.swift in Sources */ = {isa = PBXBuildFile; fileRef = F1S00001; };
		B6S00002 /* SharedCheckInState.swift in Sources */ = {isa = PBXBuildFile; fileRef = F1S00002; };
		/* Embed complication into the watch app */
		BEMB0003 /* DailyOKWatchWidgetsExtension.appex in Embed Foundation Extensions */ = {isa = PBXBuildFile; fileRef = F6P00001; settings = {ATTRIBUTES = (RemoveHeadersOnCopy, ); }; };
/* End PBXBuildFile section */

/* Begin PBXFileReference section */
		/* App */
		F1A00001 /* DailyOKApp.swift */ = {isa = PBXFileReference; lastKnownFileType = sourcecode.swift; path = DailyOKApp.swift; sourceTree = "<group>"; };
		F1A00002 /* AppDelegate.swift */ = {isa = PBXFileReference; lastKnownFileType = sourcecode.swift; path = AppDelegate.swift; sourceTree = "<group>"; };
		F1A00003 /* AppState.swift */ = {isa = PBXFileReference; lastKnownFileType = sourcecode.swift; path = AppState.swift; sourceTree = "<group>"; };
		F1A00004 /* ContentView.swift */ = {isa = PBXFileReference; lastKnownFileType = sourcecode.swift; path = ContentView.swift; sourceTree = "<group>"; };
		/* Models */
		F1B00001 /* CheckIn.swift */ = {isa = PBXFileReference; lastKnownFileType = sourcecode.swift; path = CheckIn.swift; sourceTree = "<group>"; };
		F1B00002 /* Family.swift */ = {isa = PBXFileReference; lastKnownFileType = sourcecode.swift; path = Family.swift; sourceTree = "<group>"; };
		F1B00003 /* OfflineCheckIn.swift */ = {isa = PBXFileReference; lastKnownFileType = sourcecode.swift; path = OfflineCheckIn.swift; sourceTree = "<group>"; };
		F1B00004 /* ReceiverSettings.swift */ = {isa = PBXFileReference; lastKnownFileType = sourcecode.swift; path = ReceiverSettings.swift; sourceTree = "<group>"; };
		F1B00005 /* User.swift */ = {isa = PBXFileReference; lastKnownFileType = sourcecode.swift; path = User.swift; sourceTree = "<group>"; };
		F1B00006 /* DailyOKAlert.swift */ = {isa = PBXFileReference; lastKnownFileType = sourcecode.swift; path = DailyOKAlert.swift; sourceTree = "<group>"; };
		F1B00200 /* CareNote.swift */ = {isa = PBXFileReference; lastKnownFileType = sourcecode.swift; path = CareNote.swift; sourceTree = "<group>"; };
		F1B00007 /* DailyOKError.swift */ = {isa = PBXFileReference; lastKnownFileType = sourcecode.swift; path = DailyOKError.swift; sourceTree = "<group>"; };
		/* Services */
		F1C00001 /* AnalyticsService.swift */ = {isa = PBXFileReference; lastKnownFileType = sourcecode.swift; path = AnalyticsService.swift; sourceTree = "<group>"; };
		F1C00002 /* AuthService.swift */ = {isa = PBXFileReference; lastKnownFileType = sourcecode.swift; path = AuthService.swift; sourceTree = "<group>"; };
		F1C00003 /* CheckInService.swift */ = {isa = PBXFileReference; lastKnownFileType = sourcecode.swift; path = CheckInService.swift; sourceTree = "<group>"; };
		F1C00200 /* HealthService.swift */ = {isa = PBXFileReference; lastKnownFileType = sourcecode.swift; path = HealthService.swift; sourceTree = "<group>"; };
		F1C00004 /* FamilyService.swift */ = {isa = PBXFileReference; lastKnownFileType = sourcecode.swift; path = FamilyService.swift; sourceTree = "<group>"; };
		F1C00005 /* OfflineCheckInService.swift */ = {isa = PBXFileReference; lastKnownFileType = sourcecode.swift; path = OfflineCheckInService.swift; sourceTree = "<group>"; };
		F1C00006 /* PushNotificationService.swift */ = {isa = PBXFileReference; lastKnownFileType = sourcecode.swift; path = PushNotificationService.swift; sourceTree = "<group>"; };
		F1C00007 /* SubscriptionService.swift */ = {isa = PBXFileReference; lastKnownFileType = sourcecode.swift; path = SubscriptionService.swift; sourceTree = "<group>"; };
		F1C00008 /* SupabaseService.swift */ = {isa = PBXFileReference; lastKnownFileType = sourcecode.swift; path = SupabaseService.swift; sourceTree = "<group>"; };
		F1C00009 /* LocationService.swift */ = {isa = PBXFileReference; lastKnownFileType = sourcecode.swift; path = LocationService.swift; sourceTree = "<group>"; };
		F1C0000A /* HeartbeatService.swift */ = {isa = PBXFileReference; lastKnownFileType = sourcecode.swift; path = HeartbeatService.swift; sourceTree = "<group>"; };
		F1C00020 /* EdgeFunctionsClient.swift */ = {isa = PBXFileReference; lastKnownFileType = sourcecode.swift; path = EdgeFunctionsClient.swift; sourceTree = "<group>"; };
		F1C0000B /* BiometricService.swift */ = {isa = PBXFileReference; lastKnownFileType = sourcecode.swift; path = BiometricService.swift; sourceTree = "<group>"; };
		F1C0000C /* CertificatePinningService.swift */ = {isa = PBXFileReference; lastKnownFileType = sourcecode.swift; path = CertificatePinningService.swift; sourceTree = "<group>"; };
		F1C00021 /* ReviewPromptService.swift */ = {isa = PBXFileReference; lastKnownFileType = sourcecode.swift; path = ReviewPromptService.swift; sourceTree = "<group>"; };
		/* Utilities */
		F1D00001 /* Configuration.swift */ = {isa = PBXFileReference; lastKnownFileType = sourcecode.swift; path = Configuration.swift; sourceTree = "<group>"; };
		F1D00002 /* KeychainService.swift */ = {isa = PBXFileReference; lastKnownFileType = sourcecode.swift; path = KeychainService.swift; sourceTree = "<group>"; };
		F1D00003 /* NetworkRetry.swift */ = {isa = PBXFileReference; lastKnownFileType = sourcecode.swift; path = NetworkRetry.swift; sourceTree = "<group>"; };
		F1D00004 /* Colors.swift */ = {isa = PBXFileReference; lastKnownFileType = sourcecode.swift; path = Colors.swift; sourceTree = "<group>"; };
		/* ViewModels */
		F1E00001 /* AuthViewModel.swift */ = {isa = PBXFileReference; lastKnownFileType = sourcecode.swift; path = AuthViewModel.swift; sourceTree = "<group>"; };
		F1E00002 /* DashboardViewModel.swift */ = {isa = PBXFileReference; lastKnownFileType = sourcecode.swift; path = DashboardViewModel.swift; sourceTree = "<group>"; };
		F1E00003 /* OnboardingViewModel.swift */ = {isa = PBXFileReference; lastKnownFileType = sourcecode.swift; path = OnboardingViewModel.swift; sourceTree = "<group>"; };
		F1E00004 /* ReceiverViewModel.swift */ = {isa = PBXFileReference; lastKnownFileType = sourcecode.swift; path = ReceiverViewModel.swift; sourceTree = "<group>"; };
		/* Views */
		F1F00001 /* AuthView.swift */ = {isa = PBXFileReference; lastKnownFileType = sourcecode.swift; path = AuthView.swift; sourceTree = "<group>"; };
		F1F00002 /* OnboardingView.swift */ = {isa = PBXFileReference; lastKnownFileType = sourcecode.swift; path = OnboardingView.swift; sourceTree = "<group>"; };
		F1F00003 /* ReceiverOnboardingView.swift */ = {isa = PBXFileReference; lastKnownFileType = sourcecode.swift; path = ReceiverOnboardingView.swift; sourceTree = "<group>"; };
		F1F00011 /* PairingCodeEntryView.swift */ = {isa = PBXFileReference; lastKnownFileType = sourcecode.swift; path = PairingCodeEntryView.swift; sourceTree = "<group>"; };
		F1F00099 /* FirstReceiverWalkthroughView.swift */ = {isa = PBXFileReference; lastKnownFileType = sourcecode.swift; path = FirstReceiverWalkthroughView.swift; sourceTree = "<group>"; };
		F1F00100 /* WatchSetupGuideView.swift */ = {isa = PBXFileReference; lastKnownFileType = sourcecode.swift; path = WatchSetupGuideView.swift; sourceTree = "<group>"; };
		F1F00004 /* CalendarHeatmapView.swift */ = {isa = PBXFileReference; lastKnownFileType = sourcecode.swift; path = CalendarHeatmapView.swift; sourceTree = "<group>"; };
		F1F00005 /* CheckInReportGenerator.swift */ = {isa = PBXFileReference; lastKnownFileType = sourcecode.swift; path = CheckInReportGenerator.swift; sourceTree = "<group>"; };
		F1F00006 /* CheckInTrendChartView.swift */ = {isa = PBXFileReference; lastKnownFileType = sourcecode.swift; path = CheckInTrendChartView.swift; sourceTree = "<group>"; };
		F1F00007 /* DashboardView.swift */ = {isa = PBXFileReference; lastKnownFileType = sourcecode.swift; path = DashboardView.swift; sourceTree = "<group>"; };
		F1F00202 /* CareNotesView.swift */ = {isa = PBXFileReference; lastKnownFileType = sourcecode.swift; path = CareNotesView.swift; sourceTree = "<group>"; };
		F1F00008 /* FamilyView.swift */ = {isa = PBXFileReference; lastKnownFileType = sourcecode.swift; path = FamilyView.swift; sourceTree = "<group>"; };
		F1F00009 /* HistoryView.swift */ = {isa = PBXFileReference; lastKnownFileType = sourcecode.swift; path = HistoryView.swift; sourceTree = "<group>"; };
		F1F0000A /* OwnerTabView.swift */ = {isa = PBXFileReference; lastKnownFileType = sourcecode.swift; path = OwnerTabView.swift; sourceTree = "<group>"; };
		F1F00010 /* ReceiverSetupGuideView.swift */ = {isa = PBXFileReference; lastKnownFileType = sourcecode.swift; path = ReceiverSetupGuideView.swift; sourceTree = "<group>"; };
		F1F0000B /* ReceiverHomeView.swift */ = {isa = PBXFileReference; lastKnownFileType = sourcecode.swift; path = ReceiverHomeView.swift; sourceTree = "<group>"; };
		F1F00203 /* HealthSharingView.swift */ = {isa = PBXFileReference; lastKnownFileType = sourcecode.swift; path = HealthSharingView.swift; sourceTree = "<group>"; };
		F1F0000C /* NotificationPermissionBanner.swift */ = {isa = PBXFileReference; lastKnownFileType = sourcecode.swift; path = NotificationPermissionBanner.swift; sourceTree = "<group>"; };
		F1F0000D /* ReceiverSettingsView.swift */ = {isa = PBXFileReference; lastKnownFileType = sourcecode.swift; path = ReceiverSettingsView.swift; sourceTree = "<group>"; };
		F1F0000E /* SettingsView.swift */ = {isa = PBXFileReference; lastKnownFileType = sourcecode.swift; path = SettingsView.swift; sourceTree = "<group>"; };
		F1F00200 /* CaregiverDigestView.swift */ = {isa = PBXFileReference; lastKnownFileType = sourcecode.swift; path = CaregiverDigestView.swift; sourceTree = "<group>"; };
		F1F0000F /* ViewerTabView.swift */ = {isa = PBXFileReference; lastKnownFileType = sourcecode.swift; path = ViewerTabView.swift; sourceTree = "<group>"; };
		F1F00012 /* SkeletonView.swift */ = {isa = PBXFileReference; lastKnownFileType = sourcecode.swift; path = SkeletonView.swift; sourceTree = "<group>"; };
		F1F00013 /* PasswordStrength.swift */ = {isa = PBXFileReference; lastKnownFileType = sourcecode.swift; path = PasswordStrength.swift; sourceTree = "<group>"; };
		/* Utilities (added) */
		F1D00005 /* Theme.swift */ = {isa = PBXFileReference; lastKnownFileType = sourcecode.swift; path = Theme.swift; sourceTree = "<group>"; };
		F1D00006 /* AccessibilityHelpers.swift */ = {isa = PBXFileReference; lastKnownFileType = sourcecode.swift; path = AccessibilityHelpers.swift; sourceTree = "<group>"; };
		F1D00007 /* Streaks.swift */ = {isa = PBXFileReference; lastKnownFileType = sourcecode.swift; path = Streaks.swift; sourceTree = "<group>"; };
		F1D00008 /* Haptics.swift */ = {isa = PBXFileReference; lastKnownFileType = sourcecode.swift; path = Haptics.swift; sourceTree = "<group>"; };
		F1D00009 /* CheckInAudio.swift */ = {isa = PBXFileReference; lastKnownFileType = sourcecode.swift; path = CheckInAudio.swift; sourceTree = "<group>"; };
		F1D0000A /* Log.swift */ = {isa = PBXFileReference; lastKnownFileType = sourcecode.swift; path = Log.swift; sourceTree = "<group>"; };
		/* Views/Components (added) */
		F1F00014 /* BrandedProgressView.swift */ = {isa = PBXFileReference; lastKnownFileType = sourcecode.swift; path = BrandedProgressView.swift; sourceTree = "<group>"; };
		F1F00015 /* CelebrationOverlay.swift */ = {isa = PBXFileReference; lastKnownFileType = sourcecode.swift; path = CelebrationOverlay.swift; sourceTree = "<group>"; };
		F1F00016 /* EmptyStateView.swift */ = {isa = PBXFileReference; lastKnownFileType = sourcecode.swift; path = EmptyStateView.swift; sourceTree = "<group>"; };
		F1F00017 /* FloatingBottomNav.swift */ = {isa = PBXFileReference; lastKnownFileType = sourcecode.swift; path = FloatingBottomNav.swift; sourceTree = "<group>"; };
		F1F00018 /* OnboardingCarousel.swift */ = {isa = PBXFileReference; lastKnownFileType = sourcecode.swift; path = OnboardingCarousel.swift; sourceTree = "<group>"; };
		F1F00019 /* PaywallFeatureCarousel.swift */ = {isa = PBXFileReference; lastKnownFileType = sourcecode.swift; path = PaywallFeatureCarousel.swift; sourceTree = "<group>"; };
		F1F0001A /* PremiumCards.swift */ = {isa = PBXFileReference; lastKnownFileType = sourcecode.swift; path = PremiumCards.swift; sourceTree = "<group>"; };
		F1F0001B /* StreakBadge.swift */ = {isa = PBXFileReference; lastKnownFileType = sourcecode.swift; path = StreakBadge.swift; sourceTree = "<group>"; };
		F1F0001C /* ContactQuickActions.swift */ = {isa = PBXFileReference; lastKnownFileType = sourcecode.swift; path = ContactQuickActions.swift; sourceTree = "<group>"; };
		F1F0001D /* SegmentedCodeField.swift */ = {isa = PBXFileReference; lastKnownFileType = sourcecode.swift; path = SegmentedCodeField.swift; sourceTree = "<group>"; };
		/* Shared (App Intents / widget / watch hand-off) */
		F1S00001 /* SharedAppGroup.swift */ = {isa = PBXFileReference; lastKnownFileType = sourcecode.swift; path = SharedAppGroup.swift; sourceTree = "<group>"; };
		F1S00002 /* SharedCheckInState.swift */ = {isa = PBXFileReference; lastKnownFileType = sourcecode.swift; path = SharedCheckInState.swift; sourceTree = "<group>"; };
		F1S00003 /* SharedCheckInClient.swift */ = {isa = PBXFileReference; lastKnownFileType = sourcecode.swift; path = SharedCheckInClient.swift; sourceTree = "<group>"; };
		F1S00004 /* CheckInIntent.swift */ = {isa = PBXFileReference; lastKnownFileType = sourcecode.swift; path = CheckInIntent.swift; sourceTree = "<group>"; };
		F1S00005 /* DailyOKAppShortcuts.swift */ = {isa = PBXFileReference; lastKnownFileType = sourcecode.swift; path = DailyOKAppShortcuts.swift; sourceTree = "<group>"; };
		F1S00006 /* SharedOwnerState.swift */ = {isa = PBXFileReference; lastKnownFileType = sourcecode.swift; path = SharedOwnerState.swift; sourceTree = "<group>"; };
		F1S00007 /* EscalationActivityAttributes.swift */ = {isa = PBXFileReference; lastKnownFileType = sourcecode.swift; path = EscalationActivityAttributes.swift; sourceTree = "<group>"; };
		F1C00024 /* SharedOwnerPublisher.swift */ = {isa = PBXFileReference; lastKnownFileType = sourcecode.swift; path = SharedOwnerPublisher.swift; sourceTree = "<group>"; };
		F1C00025 /* EscalationActivityManager.swift */ = {isa = PBXFileReference; lastKnownFileType = sourcecode.swift; path = EscalationActivityManager.swift; sourceTree = "<group>"; };
		F1C00022 /* SharedCheckInPublisher.swift */ = {isa = PBXFileReference; lastKnownFileType = sourcecode.swift; path = SharedCheckInPublisher.swift; sourceTree = "<group>"; };
		F1C00023 /* PhoneWatchSync.swift */ = {isa = PBXFileReference; lastKnownFileType = sourcecode.swift; path = PhoneWatchSync.swift; sourceTree = "<group>"; };
		/* Resources */
		F1G00001 /* Assets.xcassets */ = {isa = PBXFileReference; lastKnownFileType = folder.assetcatalog; path = Assets.xcassets; sourceTree = "<group>"; };
		/* Config */
		F1X00001 /* BuildConfig.xcconfig */ = {isa = PBXFileReference; lastKnownFileType = text.xcconfig; path = BuildConfig.xcconfig; sourceTree = "<group>"; };
		/* Product */
		F1P00001 /* DailyOK.app */ = {isa = PBXFileReference; explicitFileType = wrapper.application; includeInIndex = 0; path = DailyOK.app; sourceTree = BUILT_PRODUCTS_DIR; };
		F1P00002 /* DailyOKUITests.xctest */ = {isa = PBXFileReference; explicitFileType = wrapper.cfbundle; includeInIndex = 0; path = DailyOKUITests.xctest; sourceTree = BUILT_PRODUCTS_DIR; };
		/* UI Test Files */
		F2U00001 /* DailyOKUITests.swift */ = {isa = PBXFileReference; lastKnownFileType = sourcecode.swift; path = DailyOKUITests.swift; sourceTree = "<group>"; };
		F2U00002 /* OwnerFlowTests.swift */ = {isa = PBXFileReference; lastKnownFileType = sourcecode.swift; path = OwnerFlowTests.swift; sourceTree = "<group>"; };
		F2U00003 /* ReceiverFlowTests.swift */ = {isa = PBXFileReference; lastKnownFileType = sourcecode.swift; path = ReceiverFlowTests.swift; sourceTree = "<group>"; };
		/* Unit Test Product */
		F1P00003 /* DailyOKTests.xctest */ = {isa = PBXFileReference; explicitFileType = wrapper.cfbundle; includeInIndex = 0; path = DailyOKTests.xctest; sourceTree = BUILT_PRODUCTS_DIR; };
		/* Unit Test Files */
		F3U00001 /* DashboardViewModelTests.swift */ = {isa = PBXFileReference; lastKnownFileType = sourcecode.swift; path = DashboardViewModelTests.swift; sourceTree = "<group>"; };
		F3U00002 /* ErrorHandlingTests.swift */ = {isa = PBXFileReference; lastKnownFileType = sourcecode.swift; path = ErrorHandlingTests.swift; sourceTree = "<group>"; };
		F3U00003 /* ModelTests.swift */ = {isa = PBXFileReference; lastKnownFileType = sourcecode.swift; path = ModelTests.swift; sourceTree = "<group>"; };
		F3U00004 /* SubscriptionServiceTests.swift */ = {isa = PBXFileReference; lastKnownFileType = sourcecode.swift; path = SubscriptionServiceTests.swift; sourceTree = "<group>"; };
		F3U00005 /* ReviewPromptServiceTests.swift */ = {isa = PBXFileReference; lastKnownFileType = sourcecode.swift; path = ReviewPromptServiceTests.swift; sourceTree = "<group>"; };
		F3U00006 /* OfflineCheckInServiceTests.swift */ = {isa = PBXFileReference; lastKnownFileType = sourcecode.swift; path = OfflineCheckInServiceTests.swift; sourceTree = "<group>"; };
		F3U00007 /* StreaksTimezoneTests.swift */ = {isa = PBXFileReference; lastKnownFileType = sourcecode.swift; path = StreaksTimezoneTests.swift; sourceTree = "<group>"; };
		F3U00008 /* ScheduleResolverTests.swift */ = {isa = PBXFileReference; lastKnownFileType = sourcecode.swift; path = ScheduleResolverTests.swift; sourceTree = "<group>"; };
		/* Widget extension */
		F5F00001 /* DailyOKWidgetBundle.swift */ = {isa = PBXFileReference; lastKnownFileType = sourcecode.swift; path = DailyOKWidgetBundle.swift; sourceTree = "<group>"; };
		F5F00002 /* CheckInWidget.swift */ = {isa = PBXFileReference; lastKnownFileType = sourcecode.swift; path = CheckInWidget.swift; sourceTree = "<group>"; };
		F5F00003 /* CheckInProvider.swift */ = {isa = PBXFileReference; lastKnownFileType = sourcecode.swift; path = CheckInProvider.swift; sourceTree = "<group>"; };
		F5F00004 /* CheckInControl.swift */ = {isa = PBXFileReference; lastKnownFileType = sourcecode.swift; path = CheckInControl.swift; sourceTree = "<group>"; };
		F5F00007 /* OwnerStatusWidget.swift */ = {isa = PBXFileReference; lastKnownFileType = sourcecode.swift; path = OwnerStatusWidget.swift; sourceTree = "<group>"; };
		F5F00008 /* OwnerStatusProvider.swift */ = {isa = PBXFileReference; lastKnownFileType = sourcecode.swift; path = OwnerStatusProvider.swift; sourceTree = "<group>"; };
		F5F00009 /* EscalationLiveActivity.swift */ = {isa = PBXFileReference; lastKnownFileType = sourcecode.swift; path = EscalationLiveActivity.swift; sourceTree = "<group>"; };
		F5F00005 /* Info.plist */ = {isa = PBXFileReference; lastKnownFileType = text.plist.xml; path = Info.plist; sourceTree = "<group>"; };
		F5F00006 /* DailyOKWidgets.entitlements */ = {isa = PBXFileReference; lastKnownFileType = text.plist.entitlements; path = DailyOKWidgets.entitlements; sourceTree = "<group>"; };
		F5P00001 /* DailyOKWidgetsExtension.appex */ = {isa = PBXFileReference; explicitFileType = "wrapper.app-extension"; includeInIndex = 0; path = DailyOKWidgetsExtension.appex; sourceTree = BUILT_PRODUCTS_DIR; };
		/* Watch app */
		F4F00001 /* DailyOKWatchApp.swift */ = {isa = PBXFileReference; lastKnownFileType = sourcecode.swift; path = DailyOKWatchApp.swift; sourceTree = "<group>"; };
		F4F00002 /* WatchCheckInView.swift */ = {isa = PBXFileReference; lastKnownFileType = sourcecode.swift; path = WatchCheckInView.swift; sourceTree = "<group>"; };
		F4F00003 /* WatchCheckInModel.swift */ = {isa = PBXFileReference; lastKnownFileType = sourcecode.swift; path = WatchCheckInModel.swift; sourceTree = "<group>"; };
		F4F00004 /* WatchConnectivityProvider.swift */ = {isa = PBXFileReference; lastKnownFileType = sourcecode.swift; path = WatchConnectivityProvider.swift; sourceTree = "<group>"; };
		F4F00007 /* WatchOfflineQueue.swift */ = {isa = PBXFileReference; lastKnownFileType = sourcecode.swift; path = WatchOfflineQueue.swift; sourceTree = "<group>"; };
		F4F00008 /* WatchNotificationController.swift */ = {isa = PBXFileReference; lastKnownFileType = sourcecode.swift; path = WatchNotificationController.swift; sourceTree = "<group>"; };
		F4F00009 /* CheckInNotificationView.swift */ = {isa = PBXFileReference; lastKnownFileType = sourcecode.swift; path = CheckInNotificationView.swift; sourceTree = "<group>"; };
		F4F00005 /* Info.plist */ = {isa = PBXFileReference; lastKnownFileType = text.plist.xml; path = Info.plist; sourceTree = "<group>"; };
		F4F00006 /* DailyOKWatch.entitlements */ = {isa = PBXFileReference; lastKnownFileType = text.plist.entitlements; path = DailyOKWatch.entitlements; sourceTree = "<group>"; };
		F4P00001 /* DailyOKWatch.app */ = {isa = PBXFileReference; explicitFileType = wrapper.application; includeInIndex = 0; path = DailyOKWatch.app; sourceTree = BUILT_PRODUCTS_DIR; };
		/* Watch complication (widget extension) */
		F6F00001 /* DailyOKWatchWidgetBundle.swift */ = {isa = PBXFileReference; lastKnownFileType = sourcecode.swift; path = DailyOKWatchWidgetBundle.swift; sourceTree = "<group>"; };
		F6F00002 /* CheckInComplication.swift */ = {isa = PBXFileReference; lastKnownFileType = sourcecode.swift; path = CheckInComplication.swift; sourceTree = "<group>"; };
		F6F00003 /* ComplicationProvider.swift */ = {isa = PBXFileReference; lastKnownFileType = sourcecode.swift; path = ComplicationProvider.swift; sourceTree = "<group>"; };
		F6F00004 /* Info.plist */ = {isa = PBXFileReference; lastKnownFileType = text.plist.xml; path = Info.plist; sourceTree = "<group>"; };
		F6F00005 /* DailyOKWatchWidgets.entitlements */ = {isa = PBXFileReference; lastKnownFileType = text.plist.entitlements; path = DailyOKWatchWidgets.entitlements; sourceTree = "<group>"; };
		F6P00001 /* DailyOKWatchWidgetsExtension.appex */ = {isa = PBXFileReference; explicitFileType = "wrapper.app-extension"; includeInIndex = 0; path = DailyOKWatchWidgetsExtension.appex; sourceTree = BUILT_PRODUCTS_DIR; };
/* End PBXFileReference section */

/* Begin PBXContainerItemProxy section */
		CP000001 /* PBXContainerItemProxy */ = {
			isa = PBXContainerItemProxy;
			containerPortal = PR000001 /* Project object */;
			proxyType = 1;
			remoteGlobalIDString = T1000001;
			remoteInfo = DailyOK;
		};
		CP000002 /* PBXContainerItemProxy */ = {
			isa = PBXContainerItemProxy;
			containerPortal = PR000001 /* Project object */;
			proxyType = 1;
			remoteGlobalIDString = T1000001;
			remoteInfo = DailyOK;
		};
		CP000003 /* PBXContainerItemProxy */ = {
			isa = PBXContainerItemProxy;
			containerPortal = PR000001 /* Project object */;
			proxyType = 1;
			remoteGlobalIDString = T5000001;
			remoteInfo = DailyOKWidgets;
		};
		CP000004 /* PBXContainerItemProxy */ = {
			isa = PBXContainerItemProxy;
			containerPortal = PR000001 /* Project object */;
			proxyType = 1;
			remoteGlobalIDString = T4000001;
			remoteInfo = DailyOKWatch;
		};
		CP000005 /* PBXContainerItemProxy */ = {
			isa = PBXContainerItemProxy;
			containerPortal = PR000001 /* Project object */;
			proxyType = 1;
			remoteGlobalIDString = T6000001;
			remoteInfo = DailyOKWatchWidgets;
		};
/* End PBXContainerItemProxy section */

/* Begin PBXTargetDependency section */
		TD000001 /* PBXTargetDependency */ = {
			isa = PBXTargetDependency;
			target = T1000001 /* DailyOK */;
			targetProxy = CP000001 /* PBXContainerItemProxy */;
		};
		TD000002 /* PBXTargetDependency */ = {
			isa = PBXTargetDependency;
			target = T1000001 /* DailyOK */;
			targetProxy = CP000002 /* PBXContainerItemProxy */;
		};
		TD000003 /* PBXTargetDependency */ = {
			isa = PBXTargetDependency;
			target = T5000001 /* DailyOKWidgets */;
			targetProxy = CP000003 /* PBXContainerItemProxy */;
		};
		TD000004 /* PBXTargetDependency */ = {
			isa = PBXTargetDependency;
			target = T4000001 /* DailyOKWatch */;
			targetProxy = CP000004 /* PBXContainerItemProxy */;
		};
		TD000005 /* PBXTargetDependency */ = {
			isa = PBXTargetDependency;
			target = T6000001 /* DailyOKWatchWidgets */;
			targetProxy = CP000005 /* PBXContainerItemProxy */;
		};
/* End PBXTargetDependency section */

/* Begin PBXFrameworksBuildPhase section */
		D1000001 /* Frameworks */ = {
			isa = PBXFrameworksBuildPhase;
			buildActionMask = 2147483647;
			files = (
				B1H00001 /* Supabase in Frameworks */,
				B1H00003 /* TelemetryDeck in Frameworks */,
			);
			runOnlyForDeploymentPostprocessing = 0;
		};
		D2000001 /* Frameworks */ = {
			isa = PBXFrameworksBuildPhase;
			buildActionMask = 2147483647;
			files = (
			);
			runOnlyForDeploymentPostprocessing = 0;
		};
		D3000001 /* Frameworks */ = {
			isa = PBXFrameworksBuildPhase;
			buildActionMask = 2147483647;
			files = (
			);
			runOnlyForDeploymentPostprocessing = 0;
		};
		D5000001 /* Frameworks */ = {
			isa = PBXFrameworksBuildPhase;
			buildActionMask = 2147483647;
			files = (
			);
			runOnlyForDeploymentPostprocessing = 0;
		};
		D4000001 /* Frameworks */ = {
			isa = PBXFrameworksBuildPhase;
			buildActionMask = 2147483647;
			files = (
			);
			runOnlyForDeploymentPostprocessing = 0;
		};
		D6000001 /* Frameworks */ = {
			isa = PBXFrameworksBuildPhase;
			buildActionMask = 2147483647;
			files = (
			);
			runOnlyForDeploymentPostprocessing = 0;
		};
/* End PBXFrameworksBuildPhase section */

/* Begin PBXCopyFilesBuildPhase section */
		CE000001 /* Embed Foundation Extensions */ = {
			isa = PBXCopyFilesBuildPhase;
			buildActionMask = 2147483647;
			dstPath = "";
			dstSubfolderSpec = 13;
			files = (
				BEMB0001 /* DailyOKWidgetsExtension.appex in Embed Foundation Extensions */,
			);
			name = "Embed Foundation Extensions";
			runOnlyForDeploymentPostprocessing = 0;
		};
		CE000002 /* Embed Watch Content */ = {
			isa = PBXCopyFilesBuildPhase;
			buildActionMask = 2147483647;
			dstPath = "$(CONTENTS_FOLDER_PATH)/Watch";
			dstSubfolderSpec = 16;
			files = (
				BEMB0002 /* DailyOKWatch.app in Embed Watch Content */,
			);
			name = "Embed Watch Content";
			runOnlyForDeploymentPostprocessing = 0;
		};
		CE000003 /* Embed Foundation Extensions */ = {
			isa = PBXCopyFilesBuildPhase;
			buildActionMask = 2147483647;
			dstPath = "";
			dstSubfolderSpec = 13;
			files = (
				BEMB0003 /* DailyOKWatchWidgetsExtension.appex in Embed Foundation Extensions */,
			);
			name = "Embed Foundation Extensions";
			runOnlyForDeploymentPostprocessing = 0;
		};
/* End PBXCopyFilesBuildPhase section */

/* Begin PBXGroup section */
		G1000001 = {
			isa = PBXGroup;
			children = (
				G1000002 /* DailyOK */,
				G5000001 /* DailyOKWidgets */,
				G4000001 /* DailyOKWatch */,
				G6000001 /* DailyOKWatchWidgets */,
				G2U00001 /* DailyOKUITests */,
				G3U00001 /* DailyOKTests */,
				G1000003 /* Products */,
			);
			sourceTree = "<group>";
		};
		G4000001 /* DailyOKWatch */ = {
			isa = PBXGroup;
			children = (
				F4F00001 /* DailyOKWatchApp.swift */,
				F4F00002 /* WatchCheckInView.swift */,
				F4F00003 /* WatchCheckInModel.swift */,
				F4F00004 /* WatchConnectivityProvider.swift */,
				F4F00007 /* WatchOfflineQueue.swift */,
				F4F00008 /* WatchNotificationController.swift */,
				F4F00009 /* CheckInNotificationView.swift */,
				F4F00005 /* Info.plist */,
				F4F00006 /* DailyOKWatch.entitlements */,
			);
			path = DailyOKWatch;
			sourceTree = "<group>";
		};
		G6000001 /* DailyOKWatchWidgets */ = {
			isa = PBXGroup;
			children = (
				F6F00001 /* DailyOKWatchWidgetBundle.swift */,
				F6F00002 /* CheckInComplication.swift */,
				F6F00003 /* ComplicationProvider.swift */,
				F6F00004 /* Info.plist */,
				F6F00005 /* DailyOKWatchWidgets.entitlements */,
			);
			path = DailyOKWatchWidgets;
			sourceTree = "<group>";
		};
		G5000001 /* DailyOKWidgets */ = {
			isa = PBXGroup;
			children = (
				F5F00001 /* DailyOKWidgetBundle.swift */,
				F5F00002 /* CheckInWidget.swift */,
				F5F00003 /* CheckInProvider.swift */,
				F5F00004 /* CheckInControl.swift */,
				F5F00007 /* OwnerStatusWidget.swift */,
				F5F00008 /* OwnerStatusProvider.swift */,
				F5F00009 /* EscalationLiveActivity.swift */,
				F5F00005 /* Info.plist */,
				F5F00006 /* DailyOKWidgets.entitlements */,
			);
			path = DailyOKWidgets;
			sourceTree = "<group>";
		};
		G1000002 /* DailyOK */ = {
			isa = PBXGroup;
			children = (
				G1A00001 /* App */,
				G1B00001 /* Models */,
				G1C00001 /* Services */,
				G1D00001 /* Utilities */,
				G1E00001 /* ViewModels */,
				G1F00001 /* Views */,
				G1S00001 /* Shared */,
				F1G00001 /* Assets.xcassets */,
				F1X00001 /* BuildConfig.xcconfig */,
			);
			path = DailyOK;
			sourceTree = "<group>";
		};
		G1S00001 /* Shared */ = {
			isa = PBXGroup;
			children = (
				F1S00001 /* SharedAppGroup.swift */,
				F1S00002 /* SharedCheckInState.swift */,
				F1S00003 /* SharedCheckInClient.swift */,
				F1S00004 /* CheckInIntent.swift */,
				F1S00005 /* DailyOKAppShortcuts.swift */,
				F1S00006 /* SharedOwnerState.swift */,
				F1S00007 /* EscalationActivityAttributes.swift */,
			);
			path = Shared;
			sourceTree = "<group>";
		};
		G1000003 /* Products */ = {
			isa = PBXGroup;
			children = (
				F1P00001 /* DailyOK.app */,
				F1P00002 /* DailyOKUITests.xctest */,
				F1P00003 /* DailyOKTests.xctest */,
				F5P00001 /* DailyOKWidgetsExtension.appex */,
				F4P00001 /* DailyOKWatch.app */,
				F6P00001 /* DailyOKWatchWidgetsExtension.appex */,
			);
			name = Products;
			sourceTree = "<group>";
		};
		G2U00001 /* DailyOKUITests */ = {
			isa = PBXGroup;
			children = (
				F2U00001 /* DailyOKUITests.swift */,
				F2U00002 /* OwnerFlowTests.swift */,
				F2U00003 /* ReceiverFlowTests.swift */,
			);
			path = DailyOKUITests;
			sourceTree = "<group>";
		};
		G1A00001 /* App */ = {
			isa = PBXGroup;
			children = (
				F1A00001 /* DailyOKApp.swift */,
				F1A00002 /* AppDelegate.swift */,
				F1A00003 /* AppState.swift */,
				F1A00004 /* ContentView.swift */,
			);
			path = App;
			sourceTree = "<group>";
		};
		G1B00001 /* Models */ = {
			isa = PBXGroup;
			children = (
				F1B00001 /* CheckIn.swift */,
				F1B00002 /* Family.swift */,
				F1B00003 /* OfflineCheckIn.swift */,
				F1B00004 /* ReceiverSettings.swift */,
				F1B00005 /* User.swift */,
				F1B00006 /* DailyOKAlert.swift */,
				F1B00200 /* CareNote.swift */,
				F1B00007 /* DailyOKError.swift */,
			);
			path = Models;
			sourceTree = "<group>";
		};
		G1C00001 /* Services */ = {
			isa = PBXGroup;
			children = (
				F1C00001 /* AnalyticsService.swift */,
				F1C00002 /* AuthService.swift */,
				F1C0000B /* BiometricService.swift */,
				F1C0000C /* CertificatePinningService.swift */,
				F1C00003 /* CheckInService.swift */,
				F1C00200 /* HealthService.swift */,
				F1C00020 /* EdgeFunctionsClient.swift */,
				F1C00004 /* FamilyService.swift */,
				F1C0000A /* HeartbeatService.swift */,
				F1C00009 /* LocationService.swift */,
				F1C00021 /* ReviewPromptService.swift */,
				F1C00005 /* OfflineCheckInService.swift */,
				F1C00006 /* PushNotificationService.swift */,
				F1C00023 /* PhoneWatchSync.swift */,
				F1C00022 /* SharedCheckInPublisher.swift */,
				F1C00024 /* SharedOwnerPublisher.swift */,
				F1C00025 /* EscalationActivityManager.swift */,
				F1C00007 /* SubscriptionService.swift */,
				F1C00008 /* SupabaseService.swift */,
			);
			path = Services;
			sourceTree = "<group>";
		};
		G1D00001 /* Utilities */ = {
			isa = PBXGroup;
			children = (
				F1D00006 /* AccessibilityHelpers.swift */,
				F1D00009 /* CheckInAudio.swift */,
				F1D00004 /* Colors.swift */,
				F1D00001 /* Configuration.swift */,
				F1D00008 /* Haptics.swift */,
				F1D0000A /* Log.swift */,
				F1D00002 /* KeychainService.swift */,
				F1D00003 /* NetworkRetry.swift */,
				F1D00007 /* Streaks.swift */,
				F1D00005 /* Theme.swift */,
			);
			path = Utilities;
			sourceTree = "<group>";
		};
		G1E00001 /* ViewModels */ = {
			isa = PBXGroup;
			children = (
				F1E00001 /* AuthViewModel.swift */,
				F1E00002 /* DashboardViewModel.swift */,
				F1E00003 /* OnboardingViewModel.swift */,
				F1E00004 /* ReceiverViewModel.swift */,
			);
			path = ViewModels;
			sourceTree = "<group>";
		};
		G1F00001 /* Views */ = {
			isa = PBXGroup;
			children = (
				G1F00002 /* Auth */,
				G1F00008 /* Components */,
				G1F00003 /* Onboarding */,
				G1F00004 /* Owner */,
				G1F00005 /* Receiver */,
				G1F00006 /* Settings */,
				G1F00007 /* Viewer */,
			);
			path = Views;
			sourceTree = "<group>";
		};
		G1F00002 /* Auth */ = {
			isa = PBXGroup;
			children = (
				F1F00001 /* AuthView.swift */,
				F1F00013 /* PasswordStrength.swift */,
			);
			path = Auth;
			sourceTree = "<group>";
		};
		G1F00008 /* Components */ = {
			isa = PBXGroup;
			children = (
				F1F00014 /* BrandedProgressView.swift */,
				F1F00015 /* CelebrationOverlay.swift */,
				F1F00016 /* EmptyStateView.swift */,
				F1F00017 /* FloatingBottomNav.swift */,
				F1F00018 /* OnboardingCarousel.swift */,
				F1F00019 /* PaywallFeatureCarousel.swift */,
				F1F0001A /* PremiumCards.swift */,
				F1F00012 /* SkeletonView.swift */,
				F1F0001B /* StreakBadge.swift */,
				F1F0001C /* ContactQuickActions.swift */,
				F1F0001D /* SegmentedCodeField.swift */,
			);
			path = Components;
			sourceTree = "<group>";
		};
		G1F00003 /* Onboarding */ = {
			isa = PBXGroup;
			children = (
				F1F00002 /* OnboardingView.swift */,
				F1F00003 /* ReceiverOnboardingView.swift */,
				F1F00011 /* PairingCodeEntryView.swift */,
				F1F00099 /* FirstReceiverWalkthroughView.swift */,
				F1F00100 /* WatchSetupGuideView.swift */,
			);
			path = Onboarding;
			sourceTree = "<group>";
		};
		G1F00004 /* Owner */ = {
			isa = PBXGroup;
			children = (
				F1F00004 /* CalendarHeatmapView.swift */,
				F1F00005 /* CheckInReportGenerator.swift */,
				F1F00006 /* CheckInTrendChartView.swift */,
				F1F00007 /* DashboardView.swift */,
				F1F00202 /* CareNotesView.swift */,
				F1F00008 /* FamilyView.swift */,
				F1F00009 /* HistoryView.swift */,
				F1F0000A /* OwnerTabView.swift */,
				F1F00010 /* ReceiverSetupGuideView.swift */,
			);
			path = Owner;
			sourceTree = "<group>";
		};
		G1F00005 /* Receiver */ = {
			isa = PBXGroup;
			children = (
				F1F0000B /* ReceiverHomeView.swift */,
				F1F00203 /* HealthSharingView.swift */,
			);
			path = Receiver;
			sourceTree = "<group>";
		};
		G1F00006 /* Settings */ = {
			isa = PBXGroup;
			children = (
				F1F0000C /* NotificationPermissionBanner.swift */,
				F1F0000D /* ReceiverSettingsView.swift */,
				F1F0000E /* SettingsView.swift */,
				F1F00200 /* CaregiverDigestView.swift */,
			);
			path = Settings;
			sourceTree = "<group>";
		};
		G1F00007 /* Viewer */ = {
			isa = PBXGroup;
			children = (
				F1F0000F /* ViewerTabView.swift */,
			);
			path = Viewer;
			sourceTree = "<group>";
		};
		G3U00001 /* DailyOKTests */ = {
			isa = PBXGroup;
			children = (
				F3U00001 /* DashboardViewModelTests.swift */,
				F3U00002 /* ErrorHandlingTests.swift */,
				F3U00003 /* ModelTests.swift */,
				F3U00004 /* SubscriptionServiceTests.swift */,
				F3U00005 /* ReviewPromptServiceTests.swift */,
				F3U00006 /* OfflineCheckInServiceTests.swift */,
				F3U00007 /* StreaksTimezoneTests.swift */,
				F3U00008 /* ScheduleResolverTests.swift */,
			);
			path = DailyOKTests;
			sourceTree = "<group>";
		};
/* End PBXGroup section */

/* Begin PBXNativeTarget section */
		T1000001 /* DailyOK */ = {
			isa = PBXNativeTarget;
			buildConfigurationList = CL000001 /* Build configuration list for PBXNativeTarget "DailyOK" */;
			buildPhases = (
				S1000001 /* Sources */,
				D1000001 /* Frameworks */,
				R1000001 /* Resources */,
				CE000001 /* Embed Foundation Extensions */,
				CE000002 /* Embed Watch Content */,
			);
			buildRules = (
			);
			dependencies = (
				TD000003 /* PBXTargetDependency */,
				TD000004 /* PBXTargetDependency */,
			);
			name = DailyOK;
			packageProductDependencies = (
				P1H00001 /* Supabase */,
				P1H00003 /* TelemetryDeck */,
			);
			productName = DailyOK;
			productReference = F1P00001 /* DailyOK.app */;
			productType = "com.apple.product-type.application";
		};
	T2000001 /* DailyOKUITests */ = {
			isa = PBXNativeTarget;
			buildConfigurationList = CL000003 /* Build configuration list for PBXNativeTarget "DailyOKUITests" */;
			buildPhases = (
				S2000001 /* Sources */,
				D2000001 /* Frameworks */,
			);
			buildRules = (
			);
			dependencies = (
				TD000001 /* PBXTargetDependency */,
			);
			name = DailyOKUITests;
			productName = DailyOKUITests;
			productReference = F1P00002 /* DailyOKUITests.xctest */;
			productType = "com.apple.product-type.bundle.ui-testing";
		};
		T3000001 /* DailyOKTests */ = {
			isa = PBXNativeTarget;
			buildConfigurationList = CL000004 /* Build configuration list for PBXNativeTarget "DailyOKTests" */;
			buildPhases = (
				S3000001 /* Sources */,
				D3000001 /* Frameworks */,
			);
			buildRules = (
			);
			dependencies = (
				TD000002 /* PBXTargetDependency */,
			);
			name = DailyOKTests;
			productName = DailyOKTests;
			productReference = F1P00003 /* DailyOKTests.xctest */;
			productType = "com.apple.product-type.bundle.unit-test";
		};
		T5000001 /* DailyOKWidgets */ = {
			isa = PBXNativeTarget;
			buildConfigurationList = CL000005 /* Build configuration list for PBXNativeTarget "DailyOKWidgets" */;
			buildPhases = (
				S5000001 /* Sources */,
				D5000001 /* Frameworks */,
			);
			buildRules = (
			);
			dependencies = (
			);
			name = DailyOKWidgets;
			productName = DailyOKWidgets;
			productReference = F5P00001 /* DailyOKWidgetsExtension.appex */;
			productType = "com.apple.product-type.app-extension";
		};
		T4000001 /* DailyOKWatch */ = {
			isa = PBXNativeTarget;
			buildConfigurationList = CL000006 /* Build configuration list for PBXNativeTarget "DailyOKWatch" */;
			buildPhases = (
				S4000001 /* Sources */,
				D4000001 /* Frameworks */,
				CE000003 /* Embed Foundation Extensions */,
			);
			buildRules = (
			);
			dependencies = (
				TD000005 /* PBXTargetDependency */,
			);
			name = DailyOKWatch;
			productName = DailyOKWatch;
			productReference = F4P00001 /* DailyOKWatch.app */;
			productType = "com.apple.product-type.application";
		};
		T6000001 /* DailyOKWatchWidgets */ = {
			isa = PBXNativeTarget;
			buildConfigurationList = CL000007 /* Build configuration list for PBXNativeTarget "DailyOKWatchWidgets" */;
			buildPhases = (
				S6000001 /* Sources */,
				D6000001 /* Frameworks */,
			);
			buildRules = (
			);
			dependencies = (
			);
			name = DailyOKWatchWidgets;
			productName = DailyOKWatchWidgets;
			productReference = F6P00001 /* DailyOKWatchWidgetsExtension.appex */;
			productType = "com.apple.product-type.app-extension";
		};
/* End PBXNativeTarget section */

/* Begin PBXProject section */
		PR000001 /* Project object */ = {
			isa = PBXProject;
			attributes = {
				BuildIndependentTargetsInParallel = 1;
				LastSwiftUpdateCheck = 1520;
				LastUpgradeCheck = 1520;
				TargetAttributes = {
					T1000001 = {
						CreatedOnToolsVersion = 15.2;
					};
					T2000001 = {
						CreatedOnToolsVersion = 15.2;
						TestTargetID = T1000001;
					};
					T3000001 = {
						CreatedOnToolsVersion = 15.2;
						TestTargetID = T1000001;
					};
					T5000001 = {
						CreatedOnToolsVersion = 15.2;
					};
					T4000001 = {
						CreatedOnToolsVersion = 15.2;
					};
					T6000001 = {
						CreatedOnToolsVersion = 15.2;
					};
				};
			};
			buildConfigurationList = CL000002 /* Build configuration list for PBXProject "DailyOK" */;
			compatibilityVersion = "Xcode 14.0";
			developmentRegion = en;
			hasScannedForEncodings = 0;
			knownRegions = (
				en,
				Base,
			);
			mainGroup = G1000001;
			packageReferences = (
				PKG00001 /* XCRemoteSwiftPackageReference "supabase-swift" */,
				PKG00003 /* XCRemoteSwiftPackageReference "SwiftSDK" */,
			);
			productRefGroup = G1000003 /* Products */;
			projectDirPath = "";
			projectRoot = "";
			targets = (
				T1000001 /* DailyOK */,
				T5000001 /* DailyOKWidgets */,
				T4000001 /* DailyOKWatch */,
				T6000001 /* DailyOKWatchWidgets */,
				T2000001 /* DailyOKUITests */,
				T3000001 /* DailyOKTests */,
			);
		};
/* End PBXProject section */

/* Begin PBXSourcesBuildPhase section */
		S1000001 /* Sources */ = {
			isa = PBXSourcesBuildPhase;
			buildActionMask = 2147483647;
			files = (
				B1A00001 /* DailyOKApp.swift in Sources */,
				B1A00002 /* AppDelegate.swift in Sources */,
				B1A00003 /* AppState.swift in Sources */,
				B1A00004 /* ContentView.swift in Sources */,
				B1B00001 /* CheckIn.swift in Sources */,
				B1B00002 /* Family.swift in Sources */,
				B1B00003 /* OfflineCheckIn.swift in Sources */,
				B1B00004 /* ReceiverSettings.swift in Sources */,
				B1B00005 /* User.swift in Sources */,
				B1B00006 /* DailyOKAlert.swift in Sources */,
				B1B00200 /* CareNote.swift in Sources */,
				B1B00007 /* DailyOKError.swift in Sources */,
				B1C00001 /* AnalyticsService.swift in Sources */,
				B1C00002 /* AuthService.swift in Sources */,
				B1C00003 /* CheckInService.swift in Sources */,
				B1C00200 /* HealthService.swift in Sources */,
				B1C00004 /* FamilyService.swift in Sources */,
				B1C00005 /* OfflineCheckInService.swift in Sources */,
				B1C00006 /* PushNotificationService.swift in Sources */,
				B1C00007 /* SubscriptionService.swift in Sources */,
				B1C00008 /* SupabaseService.swift in Sources */,
				B1D00001 /* Configuration.swift in Sources */,
				B1D00002 /* KeychainService.swift in Sources */,
				B1D00003 /* NetworkRetry.swift in Sources */,
				B1E00001 /* AuthViewModel.swift in Sources */,
				B1E00002 /* DashboardViewModel.swift in Sources */,
				B1E00003 /* OnboardingViewModel.swift in Sources */,
				B1E00004 /* ReceiverViewModel.swift in Sources */,
				B1F00001 /* AuthView.swift in Sources */,
				B1F00002 /* OnboardingView.swift in Sources */,
				B1F00003 /* ReceiverOnboardingView.swift in Sources */,
				B1F00011 /* PairingCodeEntryView.swift in Sources */,
				B1F00099 /* FirstReceiverWalkthroughView.swift in Sources */,
				B1F00100 /* WatchSetupGuideView.swift in Sources */,
				B1F00004 /* CalendarHeatmapView.swift in Sources */,
				B1F00005 /* CheckInReportGenerator.swift in Sources */,
				B1F00006 /* CheckInTrendChartView.swift in Sources */,
				B1F00007 /* DashboardView.swift in Sources */,
				B1F00202 /* CareNotesView.swift in Sources */,
				B1F00008 /* FamilyView.swift in Sources */,
				B1F00009 /* HistoryView.swift in Sources */,
				B1F0000A /* OwnerTabView.swift in Sources */,
				B1F00010 /* ReceiverSetupGuideView.swift in Sources */,
				B1F0000B /* ReceiverHomeView.swift in Sources */,
				B1F00203 /* HealthSharingView.swift in Sources */,
				B1F0000C /* NotificationPermissionBanner.swift in Sources */,
				B1F0000D /* ReceiverSettingsView.swift in Sources */,
				B1F0000E /* SettingsView.swift in Sources */,
				B1F00200 /* CaregiverDigestView.swift in Sources */,
				B1F0000F /* ViewerTabView.swift in Sources */,
				B1C00009 /* LocationService.swift in Sources */,
				B1C0000A /* HeartbeatService.swift in Sources */,
				B1C00020 /* EdgeFunctionsClient.swift in Sources */,
				B1C0000B /* BiometricService.swift in Sources */,
				B1C0000C /* CertificatePinningService.swift in Sources */,
				B1C00021 /* ReviewPromptService.swift in Sources */,
				B1D00004 /* Colors.swift in Sources */,
				B1F00012 /* SkeletonView.swift in Sources */,
				B1F00013 /* PasswordStrength.swift in Sources */,
				B1D00005 /* Theme.swift in Sources */,
				B1D00006 /* AccessibilityHelpers.swift in Sources */,
				B1D00007 /* Streaks.swift in Sources */,
				B1D00008 /* Haptics.swift in Sources */,
				B1D00009 /* CheckInAudio.swift in Sources */,
				B1D0000A /* Log.swift in Sources */,
				B1F00014 /* BrandedProgressView.swift in Sources */,
				B1F00015 /* CelebrationOverlay.swift in Sources */,
				B1F00016 /* EmptyStateView.swift in Sources */,
				B1F00017 /* FloatingBottomNav.swift in Sources */,
				B1F00018 /* OnboardingCarousel.swift in Sources */,
				B1F00019 /* PaywallFeatureCarousel.swift in Sources */,
				B1F0001A /* PremiumCards.swift in Sources */,
				B1F0001B /* StreakBadge.swift in Sources */,
				B1F0001C /* ContactQuickActions.swift in Sources */,
				B1F0001D /* SegmentedCodeField.swift in Sources */,
				B1S00001 /* SharedAppGroup.swift in Sources */,
				B1S00002 /* SharedCheckInState.swift in Sources */,
				B1S00003 /* SharedCheckInClient.swift in Sources */,
				B1S00004 /* CheckInIntent.swift in Sources */,
				B1S00005 /* DailyOKAppShortcuts.swift in Sources */,
				B1C00022 /* SharedCheckInPublisher.swift in Sources */,
				B1C00023 /* PhoneWatchSync.swift in Sources */,
				B1S00006 /* SharedOwnerState.swift in Sources */,
				B1S00007 /* EscalationActivityAttributes.swift in Sources */,
				B1C00024 /* SharedOwnerPublisher.swift in Sources */,
				B1C00025 /* EscalationActivityManager.swift in Sources */,
			);
			runOnlyForDeploymentPostprocessing = 0;
		};
	S2000001 /* Sources */ = {
			isa = PBXSourcesBuildPhase;
			buildActionMask = 2147483647;
			files = (
				B2U00001 /* DailyOKUITests.swift in Sources */,
				B2U00002 /* OwnerFlowTests.swift in Sources */,
				B2U00003 /* ReceiverFlowTests.swift in Sources */,
			);
			runOnlyForDeploymentPostprocessing = 0;
		};
		S3000001 /* Sources */ = {
			isa = PBXSourcesBuildPhase;
			buildActionMask = 2147483647;
			files = (
				B3U00001 /* DashboardViewModelTests.swift in Sources */,
				B3U00002 /* ErrorHandlingTests.swift in Sources */,
				B3U00003 /* ModelTests.swift in Sources */,
				B3U00004 /* SubscriptionServiceTests.swift in Sources */,
				B3U00005 /* ReviewPromptServiceTests.swift in Sources */,
				B3U00006 /* OfflineCheckInServiceTests.swift in Sources */,
				B3U00007 /* StreaksTimezoneTests.swift in Sources */,
				B3U00008 /* ScheduleResolverTests.swift in Sources */,
			);
			runOnlyForDeploymentPostprocessing = 0;
		};
		S5000001 /* Sources */ = {
			isa = PBXSourcesBuildPhase;
			buildActionMask = 2147483647;
			files = (
				B5F00001 /* DailyOKWidgetBundle.swift in Sources */,
				B5F00002 /* CheckInWidget.swift in Sources */,
				B5F00003 /* CheckInProvider.swift in Sources */,
				B5F00004 /* CheckInControl.swift in Sources */,
				B5S00001 /* SharedAppGroup.swift in Sources */,
				B5S00002 /* SharedCheckInState.swift in Sources */,
				B5S00003 /* SharedCheckInClient.swift in Sources */,
				B5S00004 /* CheckInIntent.swift in Sources */,
				B5S00005 /* DailyOKAppShortcuts.swift in Sources */,
				B5S00006 /* SharedOwnerState.swift in Sources */,
				B5S00007 /* EscalationActivityAttributes.swift in Sources */,
				B5F00005 /* OwnerStatusWidget.swift in Sources */,
				B5F00006 /* OwnerStatusProvider.swift in Sources */,
				B5F00007 /* EscalationLiveActivity.swift in Sources */,
			);
			runOnlyForDeploymentPostprocessing = 0;
		};
		S4000001 /* Sources */ = {
			isa = PBXSourcesBuildPhase;
			buildActionMask = 2147483647;
			files = (
				B4F00001 /* DailyOKWatchApp.swift in Sources */,
				B4F00002 /* WatchCheckInView.swift in Sources */,
				B4F00003 /* WatchCheckInModel.swift in Sources */,
				B4F00004 /* WatchConnectivityProvider.swift in Sources */,
				B4F00005 /* WatchOfflineQueue.swift in Sources */,
				B4F00006 /* WatchNotificationController.swift in Sources */,
				B4F00007 /* CheckInNotificationView.swift in Sources */,
				B4S00001 /* SharedAppGroup.swift in Sources */,
				B4S00002 /* SharedCheckInState.swift in Sources */,
				B4S00003 /* SharedCheckInClient.swift in Sources */,
			);
			runOnlyForDeploymentPostprocessing = 0;
		};
		S6000001 /* Sources */ = {
			isa = PBXSourcesBuildPhase;
			buildActionMask = 2147483647;
			files = (
				B6F00001 /* DailyOKWatchWidgetBundle.swift in Sources */,
				B6F00002 /* CheckInComplication.swift in Sources */,
				B6F00003 /* ComplicationProvider.swift in Sources */,
				B6S00001 /* SharedAppGroup.swift in Sources */,
				B6S00002 /* SharedCheckInState.swift in Sources */,
			);
			runOnlyForDeploymentPostprocessing = 0;
		};
/* End PBXSourcesBuildPhase section */

/* Begin PBXResourcesBuildPhase section */
		R1000001 /* Resources */ = {
			isa = PBXResourcesBuildPhase;
			buildActionMask = 2147483647;
			files = (
				B1G00001 /* Assets.xcassets in Resources */,
			);
			runOnlyForDeploymentPostprocessing = 0;
		};
/* End PBXResourcesBuildPhase section */

/* Begin XCBuildConfiguration section */
		BC000001 /* Debug */ = {
			isa = XCBuildConfiguration;
			buildSettings = {
				ALWAYS_SEARCH_USER_PATHS = NO;
				ASSETCATALOG_COMPILER_GENERATE_SWIFT_ASSET_SYMBOL_EXTENSIONS = YES;
				CLANG_ANALYZER_NONNULL = YES;
				CLANG_CXX_LANGUAGE_STANDARD = "gnu++20";
				CLANG_ENABLE_MODULES = YES;
				CLANG_ENABLE_OBJC_ARC = YES;
				COPY_PHASE_STRIP = NO;
				DEBUG_INFORMATION_FORMAT = dwarf;
				ENABLE_STRICT_OBJC_MSGSEND = YES;
				ENABLE_TESTABILITY = YES;
				GCC_DYNAMIC_NO_PIC = NO;
				GCC_OPTIMIZATION_LEVEL = 0;
				GCC_PREPROCESSOR_DEFINITIONS = (
					"DEBUG=1",
					"$(inherited)",
				);
				IPHONEOS_DEPLOYMENT_TARGET = 18.0;
				MTL_ENABLE_DEBUG_INFO = INCLUDE_SOURCE;
				ONLY_ACTIVE_ARCH = YES;
				SDKROOT = iphoneos;
				SWIFT_ACTIVE_COMPILATION_CONDITIONS = "DEBUG $(inherited)";
				SWIFT_OPTIMIZATION_LEVEL = "-Onone";
			};
			name = Debug;
		};
		BC000002 /* Release */ = {
			isa = XCBuildConfiguration;
			buildSettings = {
				ALWAYS_SEARCH_USER_PATHS = NO;
				ASSETCATALOG_COMPILER_GENERATE_SWIFT_ASSET_SYMBOL_EXTENSIONS = YES;
				CLANG_ANALYZER_NONNULL = YES;
				CLANG_CXX_LANGUAGE_STANDARD = "gnu++20";
				CLANG_ENABLE_MODULES = YES;
				CLANG_ENABLE_OBJC_ARC = YES;
				COPY_PHASE_STRIP = NO;
				DEBUG_INFORMATION_FORMAT = "dwarf-with-dsym";
				ENABLE_NS_ASSERTIONS = NO;
				ENABLE_STRICT_OBJC_MSGSEND = YES;
				GCC_OPTIMIZATION_LEVEL = s;
				IPHONEOS_DEPLOYMENT_TARGET = 18.0;
				SDKROOT = iphoneos;
				SWIFT_COMPILATION_MODE = wholemodule;
				VALIDATE_PRODUCT = YES;
			};
			name = Release;
		};
		BC000003 /* Debug */ = {
			isa = XCBuildConfiguration;
			baseConfigurationReference = F1X00001 /* BuildConfig.xcconfig */;
			buildSettings = {
				ASSETCATALOG_COMPILER_APPICON_NAME = AppIcon;
				ASSETCATALOG_COMPILER_GLOBAL_ACCENT_COLOR_NAME = AccentColor;
				CODE_SIGN_ENTITLEMENTS = DailyOK/DailyOK.entitlements;
				CURRENT_PROJECT_VERSION = 6;
				ENABLE_PREVIEWS = YES;
				GENERATE_INFOPLIST_FILE = YES;
				INFOPLIST_FILE = DailyOK/Info.plist;
				INFOPLIST_KEY_CFBundleDisplayName = "Daily OK";
				INFOPLIST_KEY_LSApplicationCategoryType = "public.app-category.lifestyle";
				INFOPLIST_KEY_UIApplicationSceneManifest_Generation = YES;
				INFOPLIST_KEY_UIApplicationSupportsIndirectInputEvents = YES;
				INFOPLIST_KEY_UILaunchScreen_Generation = YES;
				INFOPLIST_KEY_UISupportedInterfaceOrientations = UIInterfaceOrientationPortrait;
				INFOPLIST_KEY_UISupportedInterfaceOrientations_iPad = "UIInterfaceOrientationPortrait UIInterfaceOrientationPortraitUpsideDown UIInterfaceOrientationLandscapeLeft UIInterfaceOrientationLandscapeRight";
				LD_RUNPATH_SEARCH_PATHS = (
					"$(inherited)",
					"@executable_path/Frameworks",
				);
				MARKETING_VERSION = 1.0.6;
				PRODUCT_NAME = "$(TARGET_NAME)";
				SUPPORTED_PLATFORMS = "iphoneos iphonesimulator";
				SUPPORTS_MACCATALYST = NO;
				SWIFT_EMIT_LOC_STRINGS = YES;
				SWIFT_VERSION = 5.0;
				TARGETED_DEVICE_FAMILY = "1,2";
			};
			name = Debug;
		};
		BC000004 /* Release */ = {
			isa = XCBuildConfiguration;
			baseConfigurationReference = F1X00001 /* BuildConfig.xcconfig */;
			buildSettings = {
				ASSETCATALOG_COMPILER_APPICON_NAME = AppIcon;
				ASSETCATALOG_COMPILER_GLOBAL_ACCENT_COLOR_NAME = AccentColor;
				CODE_SIGN_ENTITLEMENTS = DailyOK/DailyOK.entitlements;
				CURRENT_PROJECT_VERSION = 6;
				ENABLE_PREVIEWS = YES;
				GENERATE_INFOPLIST_FILE = YES;
				INFOPLIST_FILE = DailyOK/Info.plist;
				INFOPLIST_KEY_CFBundleDisplayName = "Daily OK";
				INFOPLIST_KEY_LSApplicationCategoryType = "public.app-category.lifestyle";
				INFOPLIST_KEY_UIApplicationSceneManifest_Generation = YES;
				INFOPLIST_KEY_UIApplicationSupportsIndirectInputEvents = YES;
				INFOPLIST_KEY_UILaunchScreen_Generation = YES;
				INFOPLIST_KEY_UISupportedInterfaceOrientations = UIInterfaceOrientationPortrait;
				INFOPLIST_KEY_UISupportedInterfaceOrientations_iPad = "UIInterfaceOrientationPortrait UIInterfaceOrientationPortraitUpsideDown UIInterfaceOrientationLandscapeLeft UIInterfaceOrientationLandscapeRight";
				LD_RUNPATH_SEARCH_PATHS = (
					"$(inherited)",
					"@executable_path/Frameworks",
				);
				MARKETING_VERSION = 1.0.6;
				PRODUCT_NAME = "$(TARGET_NAME)";
				SUPPORTED_PLATFORMS = "iphoneos iphonesimulator";
				SUPPORTS_MACCATALYST = NO;
				SWIFT_EMIT_LOC_STRINGS = YES;
				SWIFT_VERSION = 5.0;
				TARGETED_DEVICE_FAMILY = "1,2";
			};
			name = Release;
		};
	BC000005 /* Debug */ = {
			isa = XCBuildConfiguration;
			buildSettings = {
				CODE_SIGN_STYLE = Automatic;
				CURRENT_PROJECT_VERSION = 6;
				GENERATE_INFOPLIST_FILE = YES;
				IPHONEOS_DEPLOYMENT_TARGET = 18.0;
				MARKETING_VERSION = 1.0.6;
				PRODUCT_BUNDLE_IDENTIFIER = com.wellvo.ios.uitests;
				PRODUCT_NAME = "$(TARGET_NAME)";
				SUPPORTED_PLATFORMS = "iphoneos iphonesimulator";
				SWIFT_EMIT_LOC_STRINGS = NO;
				SWIFT_VERSION = 5.0;
				TARGETED_DEVICE_FAMILY = "1,2";
				TEST_TARGET_NAME = DailyOK;
			};
			name = Debug;
		};
		BC000006 /* Release */ = {
			isa = XCBuildConfiguration;
			buildSettings = {
				CODE_SIGN_STYLE = Automatic;
				CURRENT_PROJECT_VERSION = 6;
				GENERATE_INFOPLIST_FILE = YES;
				IPHONEOS_DEPLOYMENT_TARGET = 18.0;
				MARKETING_VERSION = 1.0.6;
				PRODUCT_BUNDLE_IDENTIFIER = com.wellvo.ios.uitests;
				PRODUCT_NAME = "$(TARGET_NAME)";
				SUPPORTED_PLATFORMS = "iphoneos iphonesimulator";
				SWIFT_EMIT_LOC_STRINGS = NO;
				SWIFT_VERSION = 5.0;
				TARGETED_DEVICE_FAMILY = "1,2";
				TEST_TARGET_NAME = DailyOK;
			};
			name = Release;
		};
		BC000007 /* Debug */ = {
			isa = XCBuildConfiguration;
			buildSettings = {
				BUNDLE_LOADER = "$(TEST_HOST)";
				CODE_SIGN_STYLE = Automatic;
				CURRENT_PROJECT_VERSION = 6;
				GENERATE_INFOPLIST_FILE = YES;
				IPHONEOS_DEPLOYMENT_TARGET = 18.0;
				MARKETING_VERSION = 1.0.6;
				PRODUCT_BUNDLE_IDENTIFIER = com.wellvo.ios.tests;
				PRODUCT_NAME = "$(TARGET_NAME)";
				SUPPORTED_PLATFORMS = "iphoneos iphonesimulator";
				SWIFT_EMIT_LOC_STRINGS = NO;
				SWIFT_VERSION = 5.0;
				TARGETED_DEVICE_FAMILY = "1,2";
				TEST_HOST = "$(BUILT_PRODUCTS_DIR)/DailyOK.app/$(BUNDLE_EXECUTABLE_FOLDER_PATH)/DailyOK";
			};
			name = Debug;
		};
		BC000008 /* Release */ = {
			isa = XCBuildConfiguration;
			buildSettings = {
				BUNDLE_LOADER = "$(TEST_HOST)";
				CODE_SIGN_STYLE = Automatic;
				CURRENT_PROJECT_VERSION = 6;
				GENERATE_INFOPLIST_FILE = YES;
				IPHONEOS_DEPLOYMENT_TARGET = 18.0;
				MARKETING_VERSION = 1.0.6;
				PRODUCT_BUNDLE_IDENTIFIER = com.wellvo.ios.tests;
				PRODUCT_NAME = "$(TARGET_NAME)";
				SUPPORTED_PLATFORMS = "iphoneos iphonesimulator";
				SWIFT_EMIT_LOC_STRINGS = NO;
				SWIFT_VERSION = 5.0;
				TARGETED_DEVICE_FAMILY = "1,2";
				TEST_HOST = "$(BUILT_PRODUCTS_DIR)/DailyOK.app/$(BUNDLE_EXECUTABLE_FOLDER_PATH)/DailyOK";
			};
			name = Release;
		};
		BC000009 /* Debug */ = {
			isa = XCBuildConfiguration;
			baseConfigurationReference = F1X00001 /* BuildConfig.xcconfig */;
			buildSettings = {
				ASSETCATALOG_COMPILER_GLOBAL_ACCENT_COLOR_NAME = AccentColor;
				CODE_SIGN_ENTITLEMENTS = DailyOKWidgets/DailyOKWidgets.entitlements;
				CODE_SIGN_STYLE = Automatic;
				CURRENT_PROJECT_VERSION = 6;
				GENERATE_INFOPLIST_FILE = YES;
				INFOPLIST_FILE = DailyOKWidgets/Info.plist;
				INFOPLIST_KEY_CFBundleDisplayName = "Daily OK";
				INFOPLIST_KEY_NSHumanReadableCopyright = "";
				IPHONEOS_DEPLOYMENT_TARGET = 18.0;
				LD_RUNPATH_SEARCH_PATHS = (
					"$(inherited)",
					"@executable_path/Frameworks",
					"@executable_path/../../Frameworks",
				);
				MARKETING_VERSION = 1.0.6;
				PRODUCT_BUNDLE_IDENTIFIER = com.wellvo.ios.DailyOKWidgets;
				PRODUCT_NAME = "$(TARGET_NAME)";
				SKIP_INSTALL = YES;
				SUPPORTED_PLATFORMS = "iphoneos iphonesimulator";
				SWIFT_EMIT_LOC_STRINGS = YES;
				SWIFT_VERSION = 5.0;
				TARGETED_DEVICE_FAMILY = "1,2";
			};
			name = Debug;
		};
		BC000010 /* Release */ = {
			isa = XCBuildConfiguration;
			baseConfigurationReference = F1X00001 /* BuildConfig.xcconfig */;
			buildSettings = {
				ASSETCATALOG_COMPILER_GLOBAL_ACCENT_COLOR_NAME = AccentColor;
				CODE_SIGN_ENTITLEMENTS = DailyOKWidgets/DailyOKWidgets.entitlements;
				CODE_SIGN_STYLE = Automatic;
				CURRENT_PROJECT_VERSION = 6;
				GENERATE_INFOPLIST_FILE = YES;
				INFOPLIST_FILE = DailyOKWidgets/Info.plist;
				INFOPLIST_KEY_CFBundleDisplayName = "Daily OK";
				INFOPLIST_KEY_NSHumanReadableCopyright = "";
				IPHONEOS_DEPLOYMENT_TARGET = 18.0;
				LD_RUNPATH_SEARCH_PATHS = (
					"$(inherited)",
					"@executable_path/Frameworks",
					"@executable_path/../../Frameworks",
				);
				MARKETING_VERSION = 1.0.6;
				PRODUCT_BUNDLE_IDENTIFIER = com.wellvo.ios.DailyOKWidgets;
				PRODUCT_NAME = "$(TARGET_NAME)";
				SKIP_INSTALL = YES;
				SUPPORTED_PLATFORMS = "iphoneos iphonesimulator";
				SWIFT_EMIT_LOC_STRINGS = YES;
				SWIFT_VERSION = 5.0;
				TARGETED_DEVICE_FAMILY = "1,2";
			};
			name = Release;
		};
		BC000011 /* Debug */ = {
			isa = XCBuildConfiguration;
			buildSettings = {
				CODE_SIGN_ENTITLEMENTS = DailyOKWatch/DailyOKWatch.entitlements;
				CODE_SIGN_STYLE = Automatic;
				CURRENT_PROJECT_VERSION = 6;
				ENABLE_PREVIEWS = YES;
				GENERATE_INFOPLIST_FILE = YES;
				INFOPLIST_FILE = DailyOKWatch/Info.plist;
				INFOPLIST_KEY_CFBundleDisplayName = "Daily OK";
				INFOPLIST_KEY_WKCompanionAppBundleIdentifier = com.wellvo.ios;
				LD_RUNPATH_SEARCH_PATHS = (
					"$(inherited)",
					"@executable_path/Frameworks",
				);
				MARKETING_VERSION = 1.0.6;
				PRODUCT_BUNDLE_IDENTIFIER = com.wellvo.ios.watchkitapp;
				PRODUCT_NAME = "$(TARGET_NAME)";
				SDKROOT = watchos;
				SKIP_INSTALL = YES;
				SUPPORTED_PLATFORMS = "watchos watchsimulator";
				SWIFT_EMIT_LOC_STRINGS = YES;
				SWIFT_VERSION = 5.0;
				TARGETED_DEVICE_FAMILY = 4;
				WATCHOS_DEPLOYMENT_TARGET = 10.0;
			};
			name = Debug;
		};
		BC000012 /* Release */ = {
			isa = XCBuildConfiguration;
			buildSettings = {
				CODE_SIGN_ENTITLEMENTS = DailyOKWatch/DailyOKWatch.entitlements;
				CODE_SIGN_STYLE = Automatic;
				CURRENT_PROJECT_VERSION = 6;
				ENABLE_PREVIEWS = YES;
				GENERATE_INFOPLIST_FILE = YES;
				INFOPLIST_FILE = DailyOKWatch/Info.plist;
				INFOPLIST_KEY_CFBundleDisplayName = "Daily OK";
				INFOPLIST_KEY_WKCompanionAppBundleIdentifier = com.wellvo.ios;
				LD_RUNPATH_SEARCH_PATHS = (
					"$(inherited)",
					"@executable_path/Frameworks",
				);
				MARKETING_VERSION = 1.0.6;
				PRODUCT_BUNDLE_IDENTIFIER = com.wellvo.ios.watchkitapp;
				PRODUCT_NAME = "$(TARGET_NAME)";
				SDKROOT = watchos;
				SKIP_INSTALL = YES;
				SUPPORTED_PLATFORMS = "watchos watchsimulator";
				SWIFT_EMIT_LOC_STRINGS = YES;
				SWIFT_VERSION = 5.0;
				TARGETED_DEVICE_FAMILY = 4;
				WATCHOS_DEPLOYMENT_TARGET = 10.0;
			};
			name = Release;
		};
		BC000013 /* Debug */ = {
			isa = XCBuildConfiguration;
			buildSettings = {
				CODE_SIGN_ENTITLEMENTS = DailyOKWatchWidgets/DailyOKWatchWidgets.entitlements;
				CODE_SIGN_STYLE = Automatic;
				CURRENT_PROJECT_VERSION = 6;
				GENERATE_INFOPLIST_FILE = YES;
				INFOPLIST_FILE = DailyOKWatchWidgets/Info.plist;
				INFOPLIST_KEY_CFBundleDisplayName = "Daily OK";
				LD_RUNPATH_SEARCH_PATHS = (
					"$(inherited)",
					"@executable_path/Frameworks",
					"@executable_path/../../Frameworks",
				);
				MARKETING_VERSION = 1.0.6;
				PRODUCT_BUNDLE_IDENTIFIER = com.wellvo.ios.watchkitapp.DailyOKWatchWidgets;
				PRODUCT_NAME = "$(TARGET_NAME)";
				SDKROOT = watchos;
				SKIP_INSTALL = YES;
				SUPPORTED_PLATFORMS = "watchos watchsimulator";
				SWIFT_EMIT_LOC_STRINGS = YES;
				SWIFT_VERSION = 5.0;
				TARGETED_DEVICE_FAMILY = 4;
				WATCHOS_DEPLOYMENT_TARGET = 10.0;
			};
			name = Debug;
		};
		BC000014 /* Release */ = {
			isa = XCBuildConfiguration;
			buildSettings = {
				CODE_SIGN_ENTITLEMENTS = DailyOKWatchWidgets/DailyOKWatchWidgets.entitlements;
				CODE_SIGN_STYLE = Automatic;
				CURRENT_PROJECT_VERSION = 6;
				GENERATE_INFOPLIST_FILE = YES;
				INFOPLIST_FILE = DailyOKWatchWidgets/Info.plist;
				INFOPLIST_KEY_CFBundleDisplayName = "Daily OK";
				LD_RUNPATH_SEARCH_PATHS = (
					"$(inherited)",
					"@executable_path/Frameworks",
					"@executable_path/../../Frameworks",
				);
				MARKETING_VERSION = 1.0.6;
				PRODUCT_BUNDLE_IDENTIFIER = com.wellvo.ios.watchkitapp.DailyOKWatchWidgets;
				PRODUCT_NAME = "$(TARGET_NAME)";
				SDKROOT = watchos;
				SKIP_INSTALL = YES;
				SUPPORTED_PLATFORMS = "watchos watchsimulator";
				SWIFT_EMIT_LOC_STRINGS = YES;
				SWIFT_VERSION = 5.0;
				TARGETED_DEVICE_FAMILY = 4;
				WATCHOS_DEPLOYMENT_TARGET = 10.0;
			};
			name = Release;
		};
/* End XCBuildConfiguration section */

/* Begin XCConfigurationList section */
		CL000002 /* Build configuration list for PBXProject "DailyOK" */ = {
			isa = XCConfigurationList;
			buildConfigurations = (
				BC000001 /* Debug */,
				BC000002 /* Release */,
			);
			defaultConfigurationIsVisible = 0;
			defaultConfigurationName = Release;
		};
		CL000001 /* Build configuration list for PBXNativeTarget "DailyOK" */ = {
			isa = XCConfigurationList;
			buildConfigurations = (
				BC000003 /* Debug */,
				BC000004 /* Release */,
			);
			defaultConfigurationIsVisible = 0;
			defaultConfigurationName = Release;
		};
	CL000003 /* Build configuration list for PBXNativeTarget "DailyOKUITests" */ = {
			isa = XCConfigurationList;
			buildConfigurations = (
				BC000005 /* Debug */,
				BC000006 /* Release */,
			);
			defaultConfigurationIsVisible = 0;
			defaultConfigurationName = Release;
		};
		CL000004 /* Build configuration list for PBXNativeTarget "DailyOKTests" */ = {
			isa = XCConfigurationList;
			buildConfigurations = (
				BC000007 /* Debug */,
				BC000008 /* Release */,
			);
			defaultConfigurationIsVisible = 0;
			defaultConfigurationName = Release;
		};
		CL000005 /* Build configuration list for PBXNativeTarget "DailyOKWidgets" */ = {
			isa = XCConfigurationList;
			buildConfigurations = (
				BC000009 /* Debug */,
				BC000010 /* Release */,
			);
			defaultConfigurationIsVisible = 0;
			defaultConfigurationName = Release;
		};
		CL000006 /* Build configuration list for PBXNativeTarget "DailyOKWatch" */ = {
			isa = XCConfigurationList;
			buildConfigurations = (
				BC000011 /* Debug */,
				BC000012 /* Release */,
			);
			defaultConfigurationIsVisible = 0;
			defaultConfigurationName = Release;
		};
		CL000007 /* Build configuration list for PBXNativeTarget "DailyOKWatchWidgets" */ = {
			isa = XCConfigurationList;
			buildConfigurations = (
				BC000013 /* Debug */,
				BC000014 /* Release */,
			);
			defaultConfigurationIsVisible = 0;
			defaultConfigurationName = Release;
		};
/* End XCConfigurationList section */

/* Begin XCRemoteSwiftPackageReference section */
		PKG00001 /* XCRemoteSwiftPackageReference "supabase-swift" */ = {
			isa = XCRemoteSwiftPackageReference;
			repositoryURL = "https://github.com/supabase/supabase-swift.git";
			requirement = {
				kind = upToNextMajorVersion;
				minimumVersion = 2.0.0;
			};
		};
		PKG00003 /* XCRemoteSwiftPackageReference "SwiftSDK" */ = {
			isa = XCRemoteSwiftPackageReference;
			repositoryURL = "https://github.com/TelemetryDeck/SwiftSDK.git";
			requirement = {
				kind = upToNextMajorVersion;
				minimumVersion = 2.0.0;
			};
		};
/* End XCRemoteSwiftPackageReference section */

/* Begin XCSwiftPackageProductDependency section */
		P1H00001 /* Supabase */ = {
			isa = XCSwiftPackageProductDependency;
			package = PKG00001 /* XCRemoteSwiftPackageReference "supabase-swift" */;
			productName = Supabase;
		};
		P1H00003 /* TelemetryDeck */ = {
			isa = XCSwiftPackageProductDependency;
			package = PKG00003 /* XCRemoteSwiftPackageReference "SwiftSDK" */;
			productName = TelemetryDeck;
		};
/* End XCSwiftPackageProductDependency section */

	};
	rootObject = PR000001 /* Project object */;
}
